version = 1
revision = 3
requires-python = ">=3.11"

[[package]]
name = "black"
version = "25.12.0"
source = { registry = "https://pypi.org/simple" }
dependencies = [
    { name = "click" },
    { name = "mypy-extensions" },
    { name = "packaging" },
    { name = "pathspec" },
    { name = "platformdirs" },
    { name = "pytokens" },
]
sdist = { url = "https://files.pythonhosted.org/packages/c4/d9/07b458a3f1c525ac392b5edc6b191ff140b596f9d77092429417a54e249d/black-25.12.0.tar.gz", hash = "sha256:8d3dd9cea14bff7ddc0eb243c811cdb1a011ebb4800a5f0335a01a68654796a7", size = 659264, upload-time = "2025-12-08T01:40:52.501Z" }
wheels = [
    { url = "https://files.pythonhosted.org/packages/60/ad/7ac0d0e1e0612788dbc48e62aef8a8e8feffac7eb3d787db4e43b8462fa8/black-25.12.0-cp311-cp311-macosx_10_9_x86_64.whl", hash = "sha256:d0cfa263e85caea2cff57d8f917f9f51adae8e20b610e2b23de35b5b11ce691a", size = 1877003, upload-time = "2025-12-08T01:43:29.967Z" },
    { url = "https://files.pythonhosted.org/packages/e8/dd/a237e9f565f3617a88b49284b59cbca2a4f56ebe68676c1aad0ce36a54a7/black-25.12.0-cp311-cp311-macosx_11_0_arm64.whl", hash = "sha256:1a2f578ae20c19c50a382286ba78bfbeafdf788579b053d8e4980afb079ab9be", size = 1712639, upload-time = "2025-12-08T01:52:46.756Z" },
    { url = "https://files.pythonhosted.org/packages/12/80/e187079df1ea4c12a0c63282ddd8b81d5107db6d642f7d7b75a6bcd6fc21/black-25.12.0-cp311-cp311-manylinux2014_x86_64.manylinux_2_17_x86_64.manylinux_2_28_x86_64.whl", hash = "sha256:d3e1b65634b0e471d07ff86ec338819e2ef860689859ef4501ab7ac290431f9b", size = 1758143, upload-time = "2025-12-08T01:45:29.137Z" },
    { url = "https://files.pythonhosted.org/packages/93/b5/3096ccee4f29dc2c3aac57274326c4d2d929a77e629f695f544e159bfae4/black-25.12.0-cp311-cp311-win_amd64.whl", hash = "sha256:a3fa71e3b8dd9f7c6ac4d818345237dfb4175ed3bf37cd5a581dbc4c034f1ec5", size = 1420698, upload-time = "2025-12-08T01:45:53.379Z" },
    { url = "https://files.pythonhosted.org/packages/7e/39/f81c0ffbc25ffbe61c7d0385bf277e62ffc3e52f5ee668d7369d9854fadf/black-25.12.0-cp311-cp311-win_arm64.whl", hash = "sha256:51e267458f7e650afed8445dc7edb3187143003d52a1b710c7321aef22aa9655", size = 1229317, upload-time = "2025-12-08T01:46:35.606Z" },
    { url = "https://files.pythonhosted.org/packages/d1/bd/26083f805115db17fda9877b3c7321d08c647df39d0df4c4ca8f8450593e/black-25.12.0-cp312-cp312-macosx_10_13_x86_64.whl", hash = "sha256:31f96b7c98c1ddaeb07dc0f56c652e25bdedaac76d5b68a059d998b57c55594a", size = 1924178, upload-time = "2025-12-08T01:49:51.048Z" },
    { url = "https://files.pythonhosted.org/packages/89/6b/ea00d6651561e2bdd9231c4177f4f2ae19cc13a0b0574f47602a7519b6ca/black-25.12.0-cp312-cp312-macosx_11_0_arm64.whl", hash = "sha256:05dd459a19e218078a1f98178c13f861fe6a9a5f88fc969ca4d9b49eb1809783", size = 1742643, upload-time = "2025-12-08T01:49:59.09Z" },
    { url = "https://files.pythonhosted.org/packages/6d/f3/360fa4182e36e9875fabcf3a9717db9d27a8d11870f21cff97725c54f35b/black-25.12.0-cp312-cp312-manylinux2014_x86_64.manylinux_2_17_x86_64.manylinux_2_28_x86_64.whl", hash = "sha256:c1f68c5eff61f226934be6b5b80296cf6939e5d2f0c2f7d543ea08b204bfaf59", size = 1800158, upload-time = "2025-12-08T01:44:27.301Z" },
    { url = "https://files.pythonhosted.org/packages/f8/08/2c64830cb6616278067e040acca21d4f79727b23077633953081c9445d61/black-25.12.0-cp312-cp312-win_amd64.whl", hash = "sha256:274f940c147ddab4442d316b27f9e332ca586d39c85ecf59ebdea82cc9ee8892", size = 1426197, upload-time = "2025-12-08T01:45:51.198Z" },
    { url = "https://files.pythonhosted.org/packages/d4/60/a93f55fd9b9816b7432cf6842f0e3000fdd5b7869492a04b9011a133ee37/black-25.12.0-cp312-cp312-win_arm64.whl", hash = "sha256:169506ba91ef21e2e0591563deda7f00030cb466e747c4b09cb0a9dae5db2f43", size = 1237266, upload-time = "2025-12-08T01:45:10.556Z" },
    { url = "https://files.pythonhosted.org/packages/c8/52/c551e36bc95495d2aa1a37d50566267aa47608c81a53f91daa809e03293f/black-25.12.0-cp313-cp313-macosx_10_13_x86_64.whl", hash = "sha256:a05ddeb656534c3e27a05a29196c962877c83fa5503db89e68857d1161ad08a5", size = 1923809, upload-time = "2025-12-08T01:46:55.126Z" },
    { url = "https://files.pythonhosted.org/packages/a0/f7/aac9b014140ee56d247e707af8db0aae2e9efc28d4a8aba92d0abd7ae9d1/black-25.12.0-cp313-cp313-macosx_11_0_arm64.whl", hash = "sha256:9ec77439ef3e34896995503865a85732c94396edcc739f302c5673a2315e1e7f", size = 1742384, upload-time = "2025-12-08T01:49:37.022Z" },
    { url = "https://files.pythonhosted.org/packages/74/98/38aaa018b2ab06a863974c12b14a6266badc192b20603a81b738c47e902e/black-25.12.0-cp313-cp313-manylinux2014_x86_64.manylinux_2_17_x86_64.manylinux_2_28_x86_64.whl", hash = "sha256:0e509c858adf63aa61d908061b52e580c40eae0dfa72415fa47ac01b12e29baf", size = 1798761, upload-time = "2025-12-08T01:46:05.386Z" },
    { url = "https://files.pythonhosted.org/packages/16/3a/a8ac542125f61574a3f015b521ca83b47321ed19bb63fe6d7560f348bfe1/black-25.12.0-cp313-cp313-win_amd64.whl", hash = "sha256:252678f07f5bac4ff0d0e9b261fbb029fa530cfa206d0a636a34ab445ef8ca9d", size = 1429180, upload-time = "2025-12-08T01:45:34.903Z" },
    { url = "https://files.pythonhosted.org/packages/e6/2d/bdc466a3db9145e946762d52cd55b1385509d9f9004fec1c97bdc8debbfb/black-25.12.0-cp313-cp313-win_arm64.whl", hash = "sha256:bc5b1c09fe3c931ddd20ee548511c64ebf964ada7e6f0763d443947fd1c603ce", size = 1239350, upload-time = "2025-12-08T01:46:09.458Z" },
    { url = "https://files.pythonhosted.org/packages/35/46/1d8f2542210c502e2ae1060b2e09e47af6a5e5963cb78e22ec1a11170b28/black-25.12.0-cp314-cp314-macosx_10_15_x86_64.whl", hash = "sha256:0a0953b134f9335c2434864a643c842c44fba562155c738a2a37a4d61f00cad5", size = 1917015, upload-time = "2025-12-08T01:53:27.987Z" },
    { url = "https://files.pythonhosted.org/packages/41/37/68accadf977672beb8e2c64e080f568c74159c1aaa6414b4cd2aef2d7906/black-25.12.0-cp314-cp314-macosx_11_0_arm64.whl", hash = "sha256:2355bbb6c3b76062870942d8cc450d4f8ac71f9c93c40122762c8784df49543f", size = 1741830, upload-time = "2025-12-08T01:54:36.861Z" },
    { url = "https://files.pythonhosted.org/packages/ac/76/03608a9d8f0faad47a3af3a3c8c53af3367f6c0dd2d23a84710456c7ac56/black-25.12.0-cp314-cp314-manylinux2014_x86_64.manylinux_2_17_x86_64.manylinux_2_28_x86_64.whl", hash = "sha256:9678bd991cc793e81d19aeeae57966ee02909877cb65838ccffef24c3ebac08f", size = 1791450, upload-time = "2025-12-08T01:44:52.581Z" },
    { url = "https://files.pythonhosted.org/packages/06/99/b2a4bd7dfaea7964974f947e1c76d6886d65fe5d24f687df2d85406b2609/black-25.12.0-cp314-cp314-win_amd64.whl", hash = "sha256:97596189949a8aad13ad12fcbb4ae89330039b96ad6742e6f6b45e75ad5cfd83", size = 1452042, upload-time = "2025-12-08T01:46:13.188Z" },
    { url = "https://files.pythonhosted.org/packages/b2/7c/d9825de75ae5dd7795d007681b752275ea85a1c5d83269b4b9c754c2aaab/black-25.12.0-cp314-cp314-win_arm64.whl", hash = "sha256:778285d9ea197f34704e3791ea9404cd6d07595745907dd2ce3da7a13627b29b", size = 1267446, upload-time = "2025-12-08T01:46:14.497Z" },
    { url = "https://files.pythonhosted.org/packages/68/11/21331aed19145a952ad28fca2756a1433ee9308079bd03bd898e903a2e53/black-25.12.0-py3-none-any.whl", hash = "sha256:48ceb36c16dbc84062740049eef990bb2ce07598272e673c17d1a7720c71c828", size = 206191, upload-time = "2025-12-08T01:40:50.963Z" },
]

[[package]]
name = "click"
version = "8.4.2"
source = { registry = "https://pypi.org/simple" }
dependencies = [
    { name = "colorama", marker = "sys_platform == 'win32'" },
]
sdist = { url = "https://files.pythonhosted.org/packages/76/d4/81420972a676e8ffea40450d8c8c92943e7218a78fe9b64359836cc9876b/click-8.4.2.tar.gz", hash = "sha256:9a6cea6e60b17ebe0a44c5cc636d94f09bd66142c1cd7d8b4cd731c4917a15f6", size = 338000, upload-time = "2026-06-24T17:45:15.148Z" }
wheels = [
    { url = "https://files.pythonhosted.org/packages/fb/e2/79c688af8b210d232694e31e59da9f6ec747bae31c3f5946e4e9b98860d5/click-8.4.2-py3-none-any.whl", hash = "sha256:e6f9f66136c816745b9d65817da91d61d957fb16e02e4dcd0552553c5a197b76", size = 119243, upload-time = "2026-06-24T17:45:13.73Z" },
]

[[package]]
name = "colorama"
version = "0.4.6"
source = { registry = "https://pypi.org/simple" }
sdist = { url = "https://files.pythonhosted.org/packages/d8/53/6f443c9a4a8358a93a6792e2acffb9d9d5cb0a5cfd8802644b7b1c9a02e4/colorama-0.4.6.tar.gz", hash = "sha256:08695f5cb7ed6e0531a20572697297273c47b8cae5a63ffc6d6ed5c201be6e44", size = 27697, upload-time = "2022-10-25T02:36:22.414Z" }
wheels = [
    { url = "https://files.pythonhosted.org/packages/d1/d6/3965ed04c63042e047cb6a3e6ed1a63a35087b6a609aa3a15ed8ac56c221/colorama-0.4.6-py2.py3-none-any.whl", hash = "sha256:4f1d9991f5acc0ca119f9d443620b77f9d6b33703e51011c16baf57afb285fc6", size = 25335, upload-time = "2022-10-25T02:36:20.889Z" },
]

[[package]]
name = "graphviz"
version = "0.21"
source = { registry = "https://pypi.org/simple" }
sdist = { url = "https://files.pythonhosted.org/packages/f8/b3/3ac91e9be6b761a4b30d66ff165e54439dcd48b83f4e20d644867215f6ca/graphviz-0.21.tar.gz", hash = "sha256:20743e7183be82aaaa8ad6c93f8893c923bd6658a04c32ee115edb3c8a835f78", size = 200434, upload-time = "2025-06-15T09:35:05.824Z" }
wheels = [
    { url = "https://files.pythonhosted.org/packages/91/4c/e0ce1ef95d4000ebc1c11801f9b944fa5910ecc15b5e351865763d8657f8/graphviz-0.21-py3-none-any.whl", hash = "sha256:54f33de9f4f911d7e84e4191749cac8cc5653f815b06738c54db9a15ab8b1e42", size = 47300, upload-time = "2025-06-15T09:35:04.433Z" },
]

[[package]]
name = "iniconfig"
version = "2.3.0"
source = { registry = "https://pypi.org/simple" }
sdist = { url = "https://files.pythonhosted.org/packages/72/34/14ca021ce8e5dfedc35312d08ba8bf51fdd999c576889fc2c24cb97f4f10/iniconfig-2.3.0.tar.gz", hash = "sha256:c76315c77db068650d49c5b56314774a7804df16fee4402c1f19d6d15d8c4730", size = 20503, upload-time = "2025-10-18T21:55:43.219Z" }
wheels = [
    { url = "https://files.pythonhosted.org/packages/cb/b1/3846dd7f199d53cb17f49cba7e651e9ce294d8497c8c150530ed11865bb8/iniconfig-2.3.0-py3-none-any.whl", hash = "sha256:f631c04d2c48c52b84d0d0549c99ff3859c98df65b3101406327ecc7d53fbf12", size = 7484, upload-time = "2025-10-18T21:55:41.639Z" },
]

[[package]]
name = "mypy-extensions"
version = "1.1.0"
source = { registry = "https://pypi.org/simple" }
sdist = { url = "https://files.pythonhosted.org/packages/a2/6e/371856a3fb9d31ca8dac321cda606860fa4548858c0cc45d9d1d4ca2628b/mypy_extensions-1.1.0.tar.gz", hash = "sha256:52e68efc3284861e772bbcd66823fde5ae21fd2fdb51c62a211403730b916558", size = 6343, upload-time = "2025-04-22T14:54:24.164Z" }
wheels = [
    { url = "https://files.pythonhosted.org/packages/79/7b/2c79738432f5c924bef5071f933bcc9efd0473bac3b4aa584a6f7c1c8df8/mypy_extensions-1.1.0-py3-none-any.whl", hash = "sha256:1be4cccdb0f2482337c4743e60421de3a356cd97508abadd57d47403e94f5505", size = 4963, upload-time = "2025-04-22T14:54:22.983Z" },
]

[[package]]
name = "packaging"
version = "26.2"
source = { registry = "https://pypi.org/simple" }
sdist = { url = "https://files.pythonhosted.org/packages/d7/f1/e7a6dd94a8d4a5626c03e4e99c87f241ba9e350cd9e6d75123f992427270/packaging-26.2.tar.gz", hash = "sha256:ff452ff5a3e828ce110190feff1178bb1f2ea2281fa2075aadb987c2fb221661", size = 228134, upload-time = "2026-04-24T20:15:23.917Z" }
wheels = [
    { url = "https://files.pythonhosted.org/packages/df/b2/87e62e8c3e2f4b32e5fe99e0b86d576da1312593b39f47d8ceef365e95ed/packaging-26.2-py3-none-any.whl", hash = "sha256:5fc45236b9446107ff2415ce77c807cee2862cb6fac22b8a73826d0693b0980e", size = 100195, upload-time = "2026-04-24T20:15:22.081Z" },
]

[[package]]
name = "pathspec"
version = "1.1.1"
source = { registry = "https://pypi.org/simple" }
sdist = { url = "https://files.pythonhosted.org/packages/5a/82/42f767fc1c1143d6fd36efb827202a2d997a375e160a71eb2888a925aac1/pathspec-1.1.1.tar.gz", hash = "sha256:17db5ecd524104a120e173814c90367a96a98d07c45b2e10c2f3919fff91bf5a", size = 135180, upload-time = "2026-04-27T01:46:08.907Z" }
wheels = [
    { url = "https://files.pythonhosted.org/packages/f1/d9/7fb5aa316bc299258e68c73ba3bddbc499654a07f151cba08f6153988714/pathspec-1.1.1-py3-none-any.whl", hash = "sha256:a00ce642f577bf7f473932318056212bc4f8bfdf53128c78bbd5af0b9b20b189", size = 57328, upload-time = "2026-04-27T01:46:07.06Z" },
]

[[package]]
name = "platformdirs"
version = "4.11.0"
source = { registry = "https://pypi.org/simple" }
sdist = { url = "https://files.pythonhosted.org/packages/78/9b/560e4be8e26f6fd133a03630a8df0c663b9e8d61b4ade152b72005aec83b/platformdirs-4.11.0.tar.gz", hash = "sha256:0555d18370482847566ffabcaa53ad7c6c1c29f195989ae1ed634a05f76ea1e0", size = 31953, upload-time = "2026-07-21T13:09:36.565Z" }
wheels = [
    { url = "https://files.pythonhosted.org/packages/7d/68/d8d58938dfb1370b266a1a729e6d77a985be23689a0496498ee17b2cbf90/platformdirs-4.11.0-py3-none-any.whl", hash = "sha256:360ccded2b7fce0af0ff80cc8f5942a1c5d99b0e856033acb030bfc634709e74", size = 23247, upload-time = "2026-07-21T13:09:35.422Z" },
]

[[package]]
name = "pluggy"
version = "1.6.0"
source = { registry = "https://pypi.org/simple" }
sdist = { url = "https://files.pythonhosted.org/packages/f9/e2/3e91f31a7d2b083fe6ef3fa267035b518369d9511ffab804f839851d2779/pluggy-1.6.0.tar.gz", hash = "sha256:7dcc130b76258d33b90f61b658791dede3486c3e6bfb003ee5c9bfb396dd22f3", size = 69412, upload-time = "2025-05-15T12:30:07.975Z" }
wheels = [
    { url = "https://files.pythonhosted.org/packages/54/20/4d324d65cc6d9205fabedc306948156824eb9f0ee1633355a8f7ec5c66bf/pluggy-1.6.0-py3-none-any.whl", hash = "sha256:e920276dd6813095e9377c0bc5566d94c932c33b27a3e3945d8389c374dd4746", size = 20538, upload-time = "2025-05-15T12:30:06.134Z" },
]

[[package]]
name = "pygments"
version = "2.20.0"
source = { registry = "https://pypi.org/simple" }
sdist = { url = "https://files.pythonhosted.org/packages/c3/b2/bc9c9196916376152d655522fdcebac55e66de6603a76a02bca1b6414f6c/pygments-2.20.0.tar.gz", hash = "sha256:6757cd03768053ff99f3039c1a36d6c0aa0b263438fcab17520b30a303a82b5f", size = 4955991, upload-time = "2026-03-29T13:29:33.898Z" }
wheels = [
    { url = "https://files.pythonhosted.org/packages/f4/7e/a72dd26f3b0f4f2bf1dd8923c85f7ceb43172af56d63c7383eb62b332364/pygments-2.20.0-py3-none-any.whl", hash = "sha256:81a9e26dd42fd28a23a2d169d86d7ac03b46e2f8b59ed4698fb4785f946d0176", size = 1231151, upload-time = "2026-03-29T13:29:30.038Z" },
]

[[package]]
name = "pytest"
version = "9.1.1"
source = { registry = "https://pypi.org/simple" }
dependencies = [
    { name = "colorama", marker = "sys_platform == 'win32'" },
    { name = "iniconfig" },
    { name = "packaging" },
    { name = "pluggy" },
    { name = "pygments" },
]
sdist = { url = "https://files.pythonhosted.org/packages/e4/47/b9efed96c114afcfa3c9d3fe98a76a1d14c74a9e266d397cf6eb64be5e01/pytest-9.1.1.tar.gz", hash = "sha256:1088fbde8f2b49d95a549a195707afa7a76a3ce9bcadc26b6d71f0ffda5fe313", size = 1636369, upload-time = "2026-06-19T10:58:32.857Z" }
wheels = [
    { url = "https://files.pythonhosted.org/packages/24/25/1de2678b631f5a49215c6c96fff41ba892b0a34df68d6d80292b1b48aa7f/pytest-9.1.1-py3-none-any.whl", hash = "sha256:37a86b45efb9a47a61a36449063e8e18d0cab3161329fc099eb21783169c4f0c", size = 386536, upload-time = "2026-06-19T10:58:31.347Z" },
]

[[package]]
name = "python2uml"
version = "0.1.0"
source = { editable = "." }
dependencies = [
    { name = "graphviz" },
    { name = "tree-sitter" },
    { name = "tree-sitter-c" },
    { name = "tree-sitter-cpp" },
    { name = "tree-sitter-java" },
]

[package.optional-dependencies]
dev = [
    { name = "black" },
    { name = "pytest" },
    { name = "setuptools" },
]

[package.metadata]
requires-dist = [
    { name = "black", marker = "extra == 'dev'", specifier = ">=25,<26" },
    { name = "graphviz", specifier = ">=0.20,<1" },
    { name = "pytest", marker = "extra == 'dev'", specifier = ">=8,<10" },
    { name = "setuptools", marker = "extra == 'dev'", specifier = "==80.9.0" },
    { name = "tree-sitter", specifier = ">=0.25,<0.27" },
    { name = "tree-sitter-c", specifier = ">=0.24,<0.25" },
    { name = "tree-sitter-cpp", specifier = ">=0.23,<0.24" },
    { name = "tree-sitter-java", specifier = ">=0.23,<0.24" },
]
provides-extras = ["dev"]

[[package]]
name = "pytokens"
version = "0.4.1"
source = { registry = "https://pypi.org/simple" }
sdist = { url = "https://files.pythonhosted.org/packages/b6/34/b4e015b99031667a7b960f888889c5bd34ef585c85e1cb56a594b92836ac/pytokens-0.4.1.tar.gz", hash = "sha256:292052fe80923aae2260c073f822ceba21f3872ced9a68bb7953b348e561179a", size = 23015, upload-time = "2026-01-30T01:03:45.924Z" }
wheels = [
    { url = "https://files.pythonhosted.org/packages/3d/92/790ebe03f07b57e53b10884c329b9a1a308648fc083a6d4a39a10a28c8fc/pytokens-0.4.1-cp311-cp311-macosx_11_0_arm64.whl", hash = "sha256:d70e77c55ae8380c91c0c18dea05951482e263982911fc7410b1ffd1dadd3440", size = 160864, upload-time = "2026-01-30T01:02:57.882Z" },
    { url = "https://files.pythonhosted.org/packages/13/25/a4f555281d975bfdd1eba731450e2fe3a95870274da73fb12c40aeae7625/pytokens-0.4.1-cp311-cp311-manylinux2014_aarch64.manylinux_2_17_aarch64.manylinux_2_28_aarch64.whl", hash = "sha256:4a58d057208cb9075c144950d789511220b07636dd2e4708d5645d24de666bdc", size = 248565, upload-time = "2026-01-30T01:02:59.912Z" },
    { url = "https://files.pythonhosted.org/packages/17/50/bc0394b4ad5b1601be22fa43652173d47e4c9efbf0044c62e9a59b747c56/pytokens-0.4.1-cp311-cp311-manylinux2014_x86_64.manylinux_2_17_x86_64.manylinux_2_28_x86_64.whl", hash = "sha256:b49750419d300e2b5a3813cf229d4e5a4c728dae470bcc89867a9ad6f25a722d", size = 260824, upload-time = "2026-01-30T01:03:01.471Z" },
    { url = "https://files.pythonhosted.org/packages/4e/54/3e04f9d92a4be4fc6c80016bc396b923d2a6933ae94b5f557c939c460ee0/pytokens-0.4.1-cp311-cp311-musllinux_1_2_x86_64.whl", hash = "sha256:d9907d61f15bf7261d7e775bd5d7ee4d2930e04424bab1972591918497623a16", size = 264075, upload-time = "2026-01-30T01:03:04.143Z" },
    { url = "https://files.pythonhosted.org/packages/d1/1b/44b0326cb5470a4375f37988aea5d61b5cc52407143303015ebee94abfd6/pytokens-0.4.1-cp311-cp311-win_amd64.whl", hash = "sha256:ee44d0f85b803321710f9239f335aafe16553b39106384cef8e6de40cb4ef2f6", size = 103323, upload-time = "2026-01-30T01:03:05.412Z" },
    { url = "https://files.pythonhosted.org/packages/41/5d/e44573011401fb82e9d51e97f1290ceb377800fb4eed650b96f4753b499c/pytokens-0.4.1-cp312-cp312-macosx_11_0_arm64.whl", hash = "sha256:140709331e846b728475786df8aeb27d24f48cbcf7bcd449f8de75cae7a45083", size = 160663, upload-time = "2026-01-30T01:03:06.473Z" },
    { url = "https://files.pythonhosted.org/packages/f0/e6/5bbc3019f8e6f21d09c41f8b8654536117e5e211a85d89212d59cbdab381/pytokens-0.4.1-cp312-cp312-manylinux2014_aarch64.manylinux_2_17_aarch64.manylinux_2_28_aarch64.whl", hash = "sha256:6d6c4268598f762bc8e91f5dbf2ab2f61f7b95bdc07953b602db879b3c8c18e1", size = 255626, upload-time = "2026-01-30T01:03:08.177Z" },
    { url = "https://files.pythonhosted.org/packages/bf/3c/2d5297d82286f6f3d92770289fd439956b201c0a4fc7e72efb9b2293758e/pytokens-0.4.1-cp312-cp312-manylinux2014_x86_64.manylinux_2_17_x86_64.manylinux_2_28_x86_64.whl", hash = "sha256:24afde1f53d95348b5a0eb19488661147285ca4dd7ed752bbc3e1c6242a304d1", size = 269779, upload-time = "2026-01-30T01:03:09.756Z" },
    { url = "https://files.pythonhosted.org/packages/20/01/7436e9ad693cebda0551203e0bf28f7669976c60ad07d6402098208476de/pytokens-0.4.1-cp312-cp312-musllinux_1_2_x86_64.whl", hash = "sha256:5ad948d085ed6c16413eb5fec6b3e02fa00dc29a2534f088d3302c47eb59adf9", size = 268076, upload-time = "2026-01-30T01:03:10.957Z" },
    { url = "https://files.pythonhosted.org/packages/2e/df/533c82a3c752ba13ae7ef238b7f8cdd272cf1475f03c63ac6cf3fcfb00b6/pytokens-0.4.1-cp312-cp312-win_amd64.whl", hash = "sha256:3f901fe783e06e48e8cbdc82d631fca8f118333798193e026a50ce1b3757ea68", size = 103552, upload-time = "2026-01-30T01:03:12.066Z" },
    { url = "https://files.pythonhosted.org/packages/cb/dc/08b1a080372afda3cceb4f3c0a7ba2bde9d6a5241f1edb02a22a019ee147/pytokens-0.4.1-cp313-cp313-macosx_11_0_arm64.whl", hash = "sha256:8bdb9d0ce90cbf99c525e75a2fa415144fd570a1ba987380190e8b786bc6ef9b", size = 160720, upload-time = "2026-01-30T01:03:13.843Z" },
    { url = "https://files.pythonhosted.org/packages/64/0c/41ea22205da480837a700e395507e6a24425151dfb7ead73343d6e2d7ffe/pytokens-0.4.1-cp313-cp313-manylinux2014_aarch64.manylinux_2_17_aarch64.manylinux_2_28_aarch64.whl", hash = "sha256:5502408cab1cb18e128570f8d598981c68a50d0cbd7c61312a90507cd3a1276f", size = 254204, upload-time = "2026-01-30T01:03:14.886Z" },
    { url = "https://files.pythonhosted.org/packages/e0/d2/afe5c7f8607018beb99971489dbb846508f1b8f351fcefc225fcf4b2adc0/pytokens-0.4.1-cp313-cp313-manylinux2014_x86_64.manylinux_2_17_x86_64.manylinux_2_28_x86_64.whl", hash = "sha256:29d1d8fb1030af4d231789959f21821ab6325e463f0503a61d204343c9b355d1", size = 268423, upload-time = "2026-01-30T01:03:15.936Z" },
    { url = "https://files.pythonhosted.org/packages/68/d4/00ffdbd370410c04e9591da9220a68dc1693ef7499173eb3e30d06e05ed1/pytokens-0.4.1-cp313-cp313-musllinux_1_2_x86_64.whl", hash = "sha256:970b08dd6b86058b6dc07efe9e98414f5102974716232d10f32ff39701e841c4", size = 266859, upload-time = "2026-01-30T01:03:17.458Z" },
    { url = "https://files.pythonhosted.org/packages/a7/c9/c3161313b4ca0c601eeefabd3d3b576edaa9afdefd32da97210700e47652/pytokens-0.4.1-cp313-cp313-win_amd64.whl", hash = "sha256:9bd7d7f544d362576be74f9d5901a22f317efc20046efe2034dced238cbbfe78", size = 103520, upload-time = "2026-01-30T01:03:18.652Z" },
    { url = "https://files.pythonhosted.org/packages/8f/a7/b470f672e6fc5fee0a01d9e75005a0e617e162381974213a945fcd274843/pytokens-0.4.1-cp314-cp314-macosx_11_0_arm64.whl", hash = "sha256:4a14d5f5fc78ce85e426aa159489e2d5961acf0e47575e08f35584009178e321", size = 160821, upload-time = "2026-01-30T01:03:19.684Z" },
    { url = "https://files.pythonhosted.org/packages/80/98/e83a36fe8d170c911f864bfded690d2542bfcfacb9c649d11a9e6eb9dc41/pytokens-0.4.1-cp314-cp314-manylinux2014_aarch64.manylinux_2_17_aarch64.manylinux_2_28_aarch64.whl", hash = "sha256:97f50fd18543be72da51dd505e2ed20d2228c74e0464e4262e4899797803d7fa", size = 254263, upload-time = "2026-01-30T01:03:20.834Z" },
    { url = "https://files.pythonhosted.org/packages/0f/95/70d7041273890f9f97a24234c00b746e8da86df462620194cef1d411ddeb/pytokens-0.4.1-cp314-cp314-manylinux2014_x86_64.manylinux_2_17_x86_64.manylinux_2_28_x86_64.whl", hash = "sha256:dc74c035f9bfca0255c1af77ddd2d6ae8419012805453e4b0e7513e17904545d", size = 268071, upload-time = "2026-01-30T01:03:21.888Z" },
    { url = "https://files.pythonhosted.org/packages/da/79/76e6d09ae19c99404656d7db9c35dfd20f2086f3eb6ecb496b5b31163bad/pytokens-0.4.1-cp314-cp314-musllinux_1_2_x86_64.whl", hash = "sha256:f66a6bbe741bd431f6d741e617e0f39ec7257ca1f89089593479347cc4d13324", size = 271716, upload-time = "2026-01-30T01:03:23.633Z" },
    { url = "https://files.pythonhosted.org/packages/79/37/482e55fa1602e0a7ff012661d8c946bafdc05e480ea5a32f4f7e336d4aa9/pytokens-0.4.1-cp314-cp314-win_amd64.whl", hash = "sha256:b35d7e5ad269804f6697727702da3c517bb8a5228afa450ab0fa787732055fc9", size = 104539, upload-time = "2026-01-30T01:03:24.788Z" },
    { url = "https://files.pythonhosted.org/packages/30/e8/20e7db907c23f3d63b0be3b8a4fd1927f6da2395f5bcc7f72242bb963dfe/pytokens-0.4.1-cp314-cp314t-macosx_11_0_arm64.whl", hash = "sha256:8fcb9ba3709ff77e77f1c7022ff11d13553f3c30299a9fe246a166903e9091eb", size = 168474, upload-time = "2026-01-30T01:03:26.428Z" },
    { url = "https://files.pythonhosted.org/packages/d6/81/88a95ee9fafdd8f5f3452107748fd04c24930d500b9aba9738f3ade642cc/pytokens-0.4.1-cp314-cp314t-manylinux2014_aarch64.manylinux_2_17_aarch64.manylinux_2_28_aarch64.whl", hash = "sha256:79fc6b8699564e1f9b521582c35435f1bd32dd06822322ec44afdeba666d8cb3", size = 290473, upload-time = "2026-01-30T01:03:27.415Z" },
    { url = "https://files.pythonhosted.org/packages/cf/35/3aa899645e29b6375b4aed9f8d21df219e7c958c4c186b465e42ee0a06bf/pytokens-0.4.1-cp314-cp314t-manylinux2014_x86_64.manylinux_2_17_x86_64.manylinux_2_28_x86_64.whl", hash = "sha256:d31b97b3de0f61571a124a00ffe9a81fb9939146c122c11060725bd5aea79975", size = 303485, upload-time = "2026-01-30T01:03:28.558Z" },
    { url = "https://files.pythonhosted.org/packages/52/a0/07907b6ff512674d9b201859f7d212298c44933633c946703a20c25e9d81/pytokens-0.4.1-cp314-cp314t-musllinux_1_2_x86_64.whl", hash = "sha256:967cf6e3fd4adf7de8fc73cd3043754ae79c36475c1c11d514fc72cf5490094a", size = 306698, upload-time = "2026-01-30T01:03:29.653Z" },
    { url = "https://files.pythonhosted.org/packages/39/2a/cbbf9250020a4a8dd53ba83a46c097b69e5eb49dd14e708f496f548c6612/pytokens-0.4.1-cp314-cp314t-win_amd64.whl", hash = "sha256:584c80c24b078eec1e227079d56dc22ff755e0ba8654d8383b2c549107528918", size = 116287, upload-time = "2026-01-30T01:03:30.912Z" },
    { url = "https://files.pythonhosted.org/packages/c6/78/397db326746f0a342855b81216ae1f0a32965deccfd7c830a2dbc66d2483/pytokens-0.4.1-py3-none-any.whl", hash = "sha256:26cef14744a8385f35d0e095dc8b3a7583f6c953c2e3d269c7f82484bf5ad2de", size = 13729, upload-time = "2026-01-30T01:03:45.029Z" },
]

[[package]]
name = "setuptools"
version = "80.9.0"
source = { registry = "https://pypi.org/simple" }
sdist = { url = "https://files.pythonhosted.org/packages/18/5d/3bf57dcd21979b887f014ea83c24ae194cfcd12b9e0fda66b957c69d1fca/setuptools-80.9.0.tar.gz", hash = "sha256:f36b47402ecde768dbfafc46e8e4207b4360c654f1f3bb84475f0a28628fb19c", size = 1319958, upload-time = "2025-05-27T00:56:51.443Z" }
wheels = [
    { url = "https://files.pythonhosted.org/packages/a3/dc/17031897dae0efacfea57dfd3a82fdd2a2aeb58e0ff71b77b87e44edc772/setuptools-80.9.0-py3-none-any.whl", hash = "sha256:062d34222ad13e0cc312a4c02d73f059e86a4acbfbdea8f8f76b28c99f306922", size = 1201486, upload-time = "2025-05-27T00:56:49.664Z" },
]

[[package]]
name = "tree-sitter"
version = "0.26.0"
source = { registry = "https://pypi.org/simple" }
sdist = { url = "https://files.pythonhosted.org/packages/f7/03/5600b84aff2e6c4fe80cfebb4063fe2f50299521befe5f6092ab8c082f4a/tree_sitter-0.26.0.tar.gz", hash = "sha256:b40c219edccc4564530c96f8f1556f6202b37cda964d1cbd7bd2b7e68b40a245", size = 191423, upload-time = "2026-06-30T12:14:27.933Z" }
wheels = [
    { url = "https://files.pythonhosted.org/packages/41/18/78aae7e4b5a36daaebb0276e4b07d084d45298758000787838e89329e11f/tree_sitter-0.26.0-cp311-cp311-macosx_10_9_x86_64.whl", hash = "sha256:1d6fe0e8fb4df77b5ee816228e2c4475a63d8cc1d4d3a7ffd7097b2b87fc3e95", size = 148679, upload-time = "2026-06-30T12:13:52.27Z" },
    { url = "https://files.pythonhosted.org/packages/24/e4/b371b9553b0e47d130fc2073e56cab94fecc868be04666bf5bbd1fcd1cc9/tree_sitter-0.26.0-cp311-cp311-macosx_11_0_arm64.whl", hash = "sha256:514a9bf8993e5210e7970736aaf6020d1759b670e195ef17b1c48f586aa30736", size = 140759, upload-time = "2026-06-30T12:13:53.221Z" },
    { url = "https://files.pythonhosted.org/packages/22/7d/266fb0f2c41e6fb00b0f40e7a3338cdf99651e6a6511ca72bc78fc697636/tree_sitter-0.26.0-cp311-cp311-manylinux2014_aarch64.manylinux_2_17_aarch64.manylinux_2_28_aarch64.whl", hash = "sha256:10f0d4eb94aa7242dcb7f554bcd24dd7ba1c114f00d58759ba08c7a46c8ec51a", size = 637206, upload-time = "2026-06-30T12:13:54.334Z" },
    { url = "https://files.pythonhosted.org/packages/40/9f/47cf22febb47132d5b3a507a27bb99ef89fe5c8ec420a13c6daa9b64f782/tree_sitter-0.26.0-cp311-cp311-manylinux2014_x86_64.manylinux_2_17_x86_64.manylinux_2_28_x86_64.whl", hash = "sha256:335294ce0504fcefde5245dff596778ffaf820205b98ae0b549c72e48855f1d8", size = 664758, upload-time = "2026-06-30T12:13:55.42Z" },
    { url = "https://files.pythonhosted.org/packages/4c/4d/8d144ca3beb46a62a5102b6deac76bb0da55235c2c7840faf3b12f2e9d97/tree_sitter-0.26.0-cp311-cp311-manylinux_2_31_riscv64.manylinux_2_39_riscv64.whl", hash = "sha256:f9997ba61368c48ed54e715676afadf703947a1542464e39d047764fb3624b01", size = 647438, upload-time = "2026-06-30T12:13:56.523Z" },
    { url = "https://files.pythonhosted.org/packages/4d/ed/ed1d6e78520c4fb64ed52fec3f2947bf8c1fbad7bc24e282c56193c9ba42/tree_sitter-0.26.0-cp311-cp311-musllinux_1_2_x86_64.whl", hash = "sha256:c56581ad256c4195a21bfe449fed5d44a02fe83a4a7d6e70e6ec302c881191c7", size = 661944, upload-time = "2026-06-30T12:13:57.82Z" },
    { url = "https://files.pythonhosted.org/packages/10/83/45f5bd43db1b8248d2fd08ef6cbe43e2725c539e09a2cfb8bc2818646788/tree_sitter-0.26.0-cp311-cp311-win_amd64.whl", hash = "sha256:0f8793fd18ad7eec276ed4b51c097b4bf2002b357259b66b0d75db1f3f41c754", size = 129496, upload-time = "2026-06-30T12:13:59.216Z" },
    { url = "https://files.pythonhosted.org/packages/f1/8d/be68e6c04563eb54145424cc83fe0aa8b0ba6c90d8989cf8a032671b5f16/tree_sitter-0.26.0-cp311-cp311-win_arm64.whl", hash = "sha256:dea4b4e27d49e9ec5b785d4f994da000e6726882fcc6ad05ec98478500c71aef", size = 116484, upload-time = "2026-06-30T12:14:00.147Z" },
    { url = "https://files.pythonhosted.org/packages/87/ca/565702c44815393e3a973552ad546db4e5ca081ca8698640b4e93d809f51/tree_sitter-0.26.0-cp312-cp312-macosx_10_13_x86_64.whl", hash = "sha256:6cb2bd20efb2544c19ac54486ab7cb8ec7b36f913bbe1ce95df84acb96743d9c", size = 148934, upload-time = "2026-06-30T12:14:01.188Z" },
    { url = "https://files.pythonhosted.org/packages/54/6f/8bb61957f16ec1b1d92410a006cdc84a952b6352a7313b2ad299f2d21484/tree_sitter-0.26.0-cp312-cp312-macosx_11_0_arm64.whl", hash = "sha256:918d89529786873f0982a0f59c2a303cd065fbfd1b903d71a8e4e1584f67b42e", size = 140820, upload-time = "2026-06-30T12:14:02.087Z" },
    { url = "https://files.pythonhosted.org/packages/78/0a/8a6f08559182643a814a4ab559948ae817b2851890fd9b995a4fff6541ce/tree_sitter-0.26.0-cp312-cp312-manylinux2014_aarch64.manylinux_2_17_aarch64.manylinux_2_28_aarch64.whl", hash = "sha256:30a88be89ff1f2755297f81e8080d88b795dd98720c3f9fa2acf93873182cc95", size = 638844, upload-time = "2026-06-30T12:14:03.428Z" },
    { url = "https://files.pythonhosted.org/packages/8a/2f/6e6781b31677231366cb3cf27bc8269157f6d4b03c9032865a4f5f2bbe7e/tree_sitter-0.26.0-cp312-cp312-manylinux2014_x86_64.manylinux_2_17_x86_64.manylinux_2_28_x86_64.whl", hash = "sha256:5a6b333b0282d8bb0af741f9b018bd2523d4eecb2686bf6717066a625fecfaa4", size = 667487, upload-time = "2026-06-30T12:14:04.669Z" },
    { url = "https://files.pythonhosted.org/packages/02/0b/0483078c8567445557a7015b0e5b187f6d7d4fda73464df9c4bdea7f7f3c/tree_sitter-0.26.0-cp312-cp312-manylinux_2_31_riscv64.manylinux_2_39_riscv64.whl", hash = "sha256:3f3c44339dd34fe8eb2b8d5aa7610660499a795f70376b130bbee7a437337280", size = 647975, upload-time = "2026-06-30T12:14:05.797Z" },
    { url = "https://files.pythonhosted.org/packages/27/68/da83ca72c984e96ab4eb3bee0db1a6ffb5de1c8c455f92bd9f420cde7f0e/tree_sitter-0.26.0-cp312-cp312-musllinux_1_2_x86_64.whl", hash = "sha256:94550e13b6ae576969da40246f4c4abb206380b5375ad43f26dd9151d55438e3", size = 665018, upload-time = "2026-06-30T12:14:07.278Z" },
    { url = "https://files.pythonhosted.org/packages/d1/36/4d67927fd47b89af4a00f65f55a7370e28778cd50e972c2430487e3ecc27/tree_sitter-0.26.0-cp312-cp312-win_amd64.whl", hash = "sha256:ca89e361a276dbc934b28a43dd881199e25d34ff5493ee0ce45f3c52a6124a37", size = 129619, upload-time = "2026-06-30T12:14:08.373Z" },
    { url = "https://files.pythonhosted.org/packages/ed/72/cdefad523eb78710679c6da6a79e3d90f5afd32b1c6aa5a17bac7eef99f6/tree_sitter-0.26.0-cp312-cp312-win_arm64.whl", hash = "sha256:bc6cb01d5ee75c85424aa1f1c72a82d8f07fd52539a0f3c4a6ed3e8721079b84", size = 116545, upload-time = "2026-06-30T12:14:09.273Z" },
    { url = "https://files.pythonhosted.org/packages/cb/b0/465257cf8f972ad9f9812ec1cbaa8ec210ebebb601ade9a15881aa2436b4/tree_sitter-0.26.0-cp313-cp313-macosx_10_13_x86_64.whl", hash = "sha256:ed0889dbed843ce45ede9f5169c0b2dea2222f12685844a03fadb81f12705867", size = 148893, upload-time = "2026-06-30T12:14:10.541Z" },
    { url = "https://files.pythonhosted.org/packages/a1/ec/19d093e854b45e807fecfdd26105c266f43aeecc39c4dc97992a7074ad5a/tree_sitter-0.26.0-cp313-cp313-macosx_11_0_arm64.whl", hash = "sha256:6189c6c340c7384357711e3d92645e96bfb79f7a502f86de1ebdb23eb43f7dab", size = 140829, upload-time = "2026-06-30T12:14:11.626Z" },
    { url = "https://files.pythonhosted.org/packages/9b/ee/87e74671ed63a837e7a1f17ab94aa3913871e033b27523d8e7b83d6f7ad0/tree_sitter-0.26.0-cp313-cp313-manylinux2014_aarch64.manylinux_2_17_aarch64.manylinux_2_28_aarch64.whl", hash = "sha256:8ff2e0750b7daa722302838356d7b65e303829b7eb73c915df127ddba115e1d1", size = 639334, upload-time = "2026-06-30T12:14:12.836Z" },
    { url = "https://files.pythonhosted.org/packages/66/e7/f7e04cd9dff6b6ac0adf23922796fbc76accd4cf4bcda50542748d485679/tree_sitter-0.26.0-cp313-cp313-manylinux2014_x86_64.manylinux_2_17_x86_64.manylinux_2_28_x86_64.whl", hash = "sha256:7075ef857ef86f327dbb72d1e2574dda78db5754b3a1fca6506acd7fe5d561a7", size = 668102, upload-time = "2026-06-30T12:14:14.035Z" },
    { url = "https://files.pythonhosted.org/packages/d3/90/0bfb16b7894fea728c774a89d5af421a9368a2f913bbd4e8dcab7caaecfb/tree_sitter-0.26.0-cp313-cp313-manylinux_2_31_riscv64.manylinux_2_39_riscv64.whl", hash = "sha256:26c996c1edfee86e977bb3f5462e74fcec0d0b0db1e85a3c475875763caa03be", size = 648560, upload-time = "2026-06-30T12:14:15.302Z" },
    { url = "https://files.pythonhosted.org/packages/cd/e6/0fe05ba396e9623b0ae40ccf34171336b8701ec8d7bd0ee9f5224d638665/tree_sitter-0.26.0-cp313-cp313-musllinux_1_2_x86_64.whl", hash = "sha256:00289bfe7978f3e0dc0ce69813a20fa9f44ea4c100b3ec62043e5eb74ccfc3a2", size = 665121, upload-time = "2026-06-30T12:14:16.403Z" },
    { url = "https://files.pythonhosted.org/packages/eb/d2/a944b1ca35bed6068dc84a9967aaf3049d8cc0b7a36179eea8787270a6ab/tree_sitter-0.26.0-cp313-cp313-win_amd64.whl", hash = "sha256:93e220cab7e6a823efeb2046c49171427de92ef71c7c681c01820d14d8d3721f", size = 129615, upload-time = "2026-06-30T12:14:17.463Z" },
    { url = "https://files.pythonhosted.org/packages/09/ef/c7ca48293580d2249f36940c4eed5b4ddeb9ce75baf9a4ef30621987e0c7/tree_sitter-0.26.0-cp313-cp313-win_arm64.whl", hash = "sha256:b31a8195d2f224224c530ac814632d98c1dcc123d227442c07c736e86b70d564", size = 116525, upload-time = "2026-06-30T12:14:18.53Z" },
    { url = "https://files.pythonhosted.org/packages/c5/7a/4d84e6f6ae2c3e757490dd84de251712c31e293dfe31f28da1ec019cefa2/tree_sitter-0.26.0-cp314-cp314-macosx_10_15_x86_64.whl", hash = "sha256:5a3c93a352b7e6f70f73e121bbfa2d0117ba7478bd51114ed35c91b0b78814fa", size = 148901, upload-time = "2026-06-30T12:14:19.452Z" },
    { url = "https://files.pythonhosted.org/packages/b0/d9/efe62ec65dc9d096e834d27b8c058127e2146e42ff3380b822a233f016a6/tree_sitter-0.26.0-cp314-cp314-macosx_11_0_arm64.whl", hash = "sha256:5fc2f41bf246ff2f70a9cc3690be35ec7580a4923151873d898c8bcb1a4503d3", size = 140805, upload-time = "2026-06-30T12:14:20.478Z" },
    { url = "https://files.pythonhosted.org/packages/c4/2c/c82326b7b97e3c485c18679883b16f89e5e913c639d3b219d3da70c9e67e/tree_sitter-0.26.0-cp314-cp314-manylinux2014_aarch64.manylinux_2_17_aarch64.manylinux_2_28_aarch64.whl", hash = "sha256:b8ea92a255c91671a7ec4625aba3ab7bb5220c423630ffbf83c45d7312abe084", size = 640586, upload-time = "2026-06-30T12:14:21.527Z" },
    { url = "https://files.pythonhosted.org/packages/e2/7a/f56e7d8282859452611024c7cbc623bfba5b24b8cb9b8f8bc88c5219fe9a/tree_sitter-0.26.0-cp314-cp314-manylinux2014_x86_64.manylinux_2_17_x86_64.manylinux_2_28_x86_64.whl", hash = "sha256:f665510f0fcf4636fb9696f1f7853bed7a3bd764b7bb0cb8494e619c14ed5a0c", size = 668300, upload-time = "2026-06-30T12:14:22.728Z" },
    { url = "https://files.pythonhosted.org/packages/91/51/240ee81b9d5e9ca0a6cb1528e8605ffa70ab58c89ce126631be96d3e4bae/tree_sitter-0.26.0-cp314-cp314-manylinux_2_31_riscv64.manylinux_2_39_riscv64.whl", hash = "sha256:253df7ab82cc0a9d311cd65f06e9f99fb3eac55996ae9fc94da22f123a861b90", size = 649627, upload-time = "2026-06-30T12:14:23.819Z" },
    { url = "https://files.pythonhosted.org/packages/6a/54/760035cefedf9eb44f0f84c4ac22f1322e73155853e272576ee876336312/tree_sitter-0.26.0-cp314-cp314-musllinux_1_2_x86_64.whl", hash = "sha256:ff80d4833d330a73184a3ac5132abe93c575d2dea31975c6f15c0d21fef238aa", size = 664885, upload-time = "2026-06-30T12:14:25.064Z" },
    { url = "https://files.pythonhosted.org/packages/c9/1b/0b36fe2a984ecedc4ce6aefd5d56447a6626a8e9b595c4e48658510ce8f8/tree_sitter-0.26.0-cp314-cp314-win_amd64.whl", hash = "sha256:a4033fecc8f606c7f2e8b8014d0057b74668a7f0152763606f7bc25c5f9ec64c", size = 132688, upload-time = "2026-06-30T12:14:26.106Z" },
    { url = "https://files.pythonhosted.org/packages/4d/74/ebc041a13fbf40144afdb0d4b447e48e0b4012ca866c63de8b48f801f0c1/tree_sitter-0.26.0-cp314-cp314-win_arm64.whl", hash = "sha256:823251c4b6725a7c03ed497a339135ede7ae4bdde75bb8be7ef5e305aeb4ff52", size = 120287, upload-time = "2026-06-30T12:14:26.991Z" },
]

[[package]]
name = "tree-sitter-c"
version = "0.24.2"
source = { registry = "https://pypi.org/simple" }
sdist = { url = "https://files.pythonhosted.org/packages/a6/c9/3834f3d9278251aea7312274971bc4c45b17aec2490fd4b884d93bd7019a/tree_sitter_c-0.24.2.tar.gz", hash = "sha256:1628584df0299b5a340aa63f8e67b6c97c91517f52fa7e7a4c557e40adb330a9", size = 228397, upload-time = "2026-04-22T08:06:14.491Z" }
wheels = [
    { url = "https://files.pythonhosted.org/packages/28/c1/26ed17730ec2c17bedc1b673349e5e0a466c578e3eb0327c3b73cf52bf97/tree_sitter_c-0.24.2-cp310-abi3-macosx_10_9_x86_64.whl", hash = "sha256:4d4579a8b54f0a442f903d88d3304cab77cd5c2031d4015baa4f2f8e15d6dcb7", size = 81016, upload-time = "2026-04-22T08:06:07.208Z" },
    { url = "https://files.pythonhosted.org/packages/c1/1c/1140db75e7e375cda3c68792a33826c4fd40b5b98c3259d93c75f6c8368f/tree_sitter_c-0.24.2-cp310-abi3-macosx_11_0_arm64.whl", hash = "sha256:97bc80a224d48215d4e6e6376bf30d114f4c317b8145ff1b02afe785d4ba7bdd", size = 86213, upload-time = "2026-04-22T08:06:08.136Z" },
    { url = "https://files.pythonhosted.org/packages/e9/8c/0dfb88d726f8821d1c4c36042f092be974a800afd734307a595b8604190c/tree_sitter_c-0.24.2-cp310-abi3-manylinux1_x86_64.manylinux_2_28_x86_64.manylinux_2_5_x86_64.whl", hash = "sha256:5041ef67eb68ce6bc8bb0b1f8ef3a5585ce523dae0c7eec109ab0627dd75aede", size = 94264, upload-time = "2026-04-22T08:06:08.918Z" },
    { url = "https://files.pythonhosted.org/packages/87/78/47dc570e7aee6b0a1ecc2520b30639cc2b06003154c9ab0672d86bf720d5/tree_sitter_c-0.24.2-cp310-abi3-manylinux2014_aarch64.manylinux_2_17_aarch64.manylinux_2_28_aarch64.whl", hash = "sha256:c098bedcd5ac86ff93fa734d51d1dd86aed40fd5ed7d634c7af11380a0469969", size = 94560, upload-time = "2026-04-22T08:06:09.852Z" },
    { url = "https://files.pythonhosted.org/packages/29/37/75d59d3f74f4cfc00f04472917e933d8a9c9fdc6eff980ef9552e010e6aa/tree_sitter_c-0.24.2-cp310-abi3-musllinux_1_2_aarch64.whl", hash = "sha256:82842c5a5f2acd93f4de10038c33ac179c8979defc39376f990348d6289e933b", size = 94023, upload-time = "2026-04-22T08:06:10.682Z" },
    { url = "https://files.pythonhosted.org/packages/64/57/8fc655d5a446a70a637e92b98bd2fdaab88bf5bb5b36076ac4add544808d/tree_sitter_c-0.24.2-cp310-abi3-musllinux_1_2_x86_64.whl", hash = "sha256:e2b42e8e22202c251f8629306f9321233542e07a6e01611b5fe83489272143eb", size = 94160, upload-time = "2026-04-22T08:06:11.497Z" },
    { url = "https://files.pythonhosted.org/packages/c1/f7/72a1d6b42dd31fd37e03ff67e7dc5ee572301499e6b216002b8dd42a1714/tree_sitter_c-0.24.2-cp310-abi3-win_amd64.whl", hash = "sha256:abb549225091f7b25df2dd3a0143ece6e208f7055d8bcb4700b41ee79b9ef1e1", size = 84669, upload-time = "2026-04-22T08:06:12.347Z" },
    { url = "https://files.pythonhosted.org/packages/e2/9d/7475d9ae8ef679aa36c7dfe6c903ab78e573651c68b6ef9862d6a3f994db/tree_sitter_c-0.24.2-cp310-abi3-win_arm64.whl", hash = "sha256:4a2f4371cd816cc3153458f69062135ebb2ea5f275ddd90494e5c823d778204a", size = 82956, upload-time = "2026-04-22T08:06:13.364Z" },
]

[[package]]
name = "tree-sitter-cpp"
version = "0.23.4"
source = { registry = "https://pypi.org/simple" }
sdist = { url = "https://files.pythonhosted.org/packages/20/2c/4dd63d705a8933543cad9b92ff31be849b164fec91a6eb63475ebc9ce668/tree_sitter_cpp-0.23.4.tar.gz", hash = "sha256:6a59c4cebb1ad1dc2e8d586cf8a72b39d21b8108b7b139d089719e81a339e41d", size = 940358, upload-time = "2024-11-11T06:59:24.934Z" }
wheels = [
    { url = "https://files.pythonhosted.org/packages/b6/ac/11d56670f7b048362db872ca866fd00ba2002a322ab179f047b7c0fb2910/tree_sitter_cpp-0.23.4-cp39-abi3-macosx_10_9_x86_64.whl", hash = "sha256:aacb1759f0efd9dbc25bd8ee88184a340483018869f75412d9c3bc32c039a520", size = 287861, upload-time = "2024-11-11T06:59:15.005Z" },
    { url = "https://files.pythonhosted.org/packages/12/1c/0337c016bdc00a77a3326d12f10ee836401dd28f27db6fd5b7734bfb21ed/tree_sitter_cpp-0.23.4-cp39-abi3-macosx_11_0_arm64.whl", hash = "sha256:bc3c404d9f0cbd87951213a85440afbf4c31e718f8d907fa9ee12bea4b8d276f", size = 315513, upload-time = "2024-11-11T06:59:16.679Z" },
    { url = "https://files.pythonhosted.org/packages/b3/7b/dd38c049b10ed7fda118b903a1d28a8b55a36b98c30606ef90e8f374c6de/tree_sitter_cpp-0.23.4-cp39-abi3-manylinux_2_17_aarch64.manylinux2014_aarch64.whl", hash = "sha256:ccc43ddf1279d5d5a4ef190373f4cb16522801bec4492bcd4754edf2aeba2b7b", size = 334813, upload-time = "2024-11-11T06:59:18.253Z" },
    { url = "https://files.pythonhosted.org/packages/6a/4d/23e390234d2acd351f5563b1079c515d7c1fe13ddb7392cee543be74dda3/tree_sitter_cpp-0.23.4-cp39-abi3-manylinux_2_17_x86_64.manylinux2014_x86_64.whl", hash = "sha256:773d2cafc08bbc0f998687fa33f42f378c1a371cdb582870c4d13abb06092706", size = 316110, upload-time = "2024-11-11T06:59:19.823Z" },
    { url = "https://files.pythonhosted.org/packages/32/c7/b94a7e0e803af9d3bd4608fb4f0cfb2e9e233abaf0a38c928bfb0b1a025d/tree_sitter_cpp-0.23.4-cp39-abi3-musllinux_1_2_x86_64.whl", hash = "sha256:247d127f0eb6574b0f6b30c0151e0bd0774e2e7acf9c558bdf9fbb8adc2e80c0", size = 308242, upload-time = "2024-11-11T06:59:21.466Z" },
    { url = "https://files.pythonhosted.org/packages/37/7e/909e52b3dec09c475140b0e175511e275d0d00ba2dbd7c68102d377ae0f6/tree_sitter_cpp-0.23.4-cp39-abi3-win_amd64.whl", hash = "sha256:68606a45bea92669d155399e1239f771a7767d8683cd8f8e30e7d813107030ca", size = 290997, upload-time = "2024-11-11T06:59:22.432Z" },
    { url = "https://files.pythonhosted.org/packages/d4/6a/65435d4d1f4c735be7ffe52d7c2e7b8a7f7c2790343a2719c60c548611c8/tree_sitter_cpp-0.23.4-cp39-abi3-win_arm64.whl", hash = "sha256:712f84f18be94cbe2a148fa4fdf40fcf4a8c25a8f7670efb9f8a47ddec2fc281", size = 288203, upload-time = "2024-11-11T06:59:23.404Z" },
]

[[package]]
name = "tree-sitter-java"
version = "0.23.5"
source = { registry = "https://pypi.org/simple" }
sdist = { url = "https://files.pythonhosted.org/packages/fa/dc/eb9c8f96304e5d8ae1663126d89967a622a80937ad2909903569ccb7ec8f/tree_sitter_java-0.23.5.tar.gz", hash = "sha256:f5cd57b8f1270a7f0438878750d02ccc79421d45cca65ff284f1527e9ef02e38", size = 138121, upload-time = "2024-12-21T18:24:26.936Z" }
wheels = [
    { url = "https://files.pythonhosted.org/packages/67/21/b3399780b440e1567a11d384d0ebb1aea9b642d0d98becf30fa55c0e3a3b/tree_sitter_java-0.23.5-cp39-abi3-macosx_10_9_x86_64.whl", hash = "sha256:355ce0308672d6f7013ec913dee4a0613666f4cda9044a7824240d17f38209df", size = 58926, upload-time = "2024-12-21T18:24:12.53Z" },
    { url = "https://files.pythonhosted.org/packages/57/ef/6406b444e2a93bc72a04e802f4107e9ecf04b8de4a5528830726d210599c/tree_sitter_java-0.23.5-cp39-abi3-macosx_11_0_arm64.whl", hash = "sha256:24acd59c4720dedad80d548fe4237e43ef2b7a4e94c8549b0ca6e4c4d7bf6e69", size = 62288, upload-time = "2024-12-21T18:24:14.634Z" },
    { url = "https://files.pythonhosted.org/packages/4e/6c/74b1c150d4f69c291ab0b78d5dd1b59712559bbe7e7daf6d8466d483463f/tree_sitter_java-0.23.5-cp39-abi3-manylinux_2_17_aarch64.manylinux2014_aarch64.whl", hash = "sha256:9401e7271f0b333df39fc8a8336a0caf1b891d9a2b89ddee99fae66b794fc5b7", size = 85533, upload-time = "2024-12-21T18:24:16.695Z" },
    { url = "https://files.pythonhosted.org/packages/29/09/e0d08f5c212062fd046db35c1015a2621c2631bc8b4aae5740d7adb276ad/tree_sitter_java-0.23.5-cp39-abi3-manylinux_2_5_x86_64.manylinux1_x86_64.manylinux_2_17_x86_64.manylinux2014_x86_64.whl", hash = "sha256:370b204b9500b847f6d0c5ad584045831cee69e9a3e4d878535d39e4a7e4c4f1", size = 84033, upload-time = "2024-12-21T18:24:18.758Z" },
    { url = "https://files.pythonhosted.org/packages/43/56/7d06b23ddd09bde816a131aa504ee11a1bbe87c6b62ab9b2ed23849a3382/tree_sitter_java-0.23.5-cp39-abi3-musllinux_1_2_x86_64.whl", hash = "sha256:aae84449e330363b55b14a2af0585e4e0dae75eb64ea509b7e5b0e1de536846a", size = 82564, upload-time = "2024-12-21T18:24:20.493Z" },
    { url = "https://files.pythonhosted.org/packages/da/d6/0528c7e1e88a18221dbd8ccee3825bf274b1fa300f745fd74eb343878043/tree_sitter_java-0.23.5-cp39-abi3-win_amd64.whl", hash = "sha256:1ee45e790f8d31d416bc84a09dac2e2c6bc343e89b8a2e1d550513498eedfde7", size = 60650, upload-time = "2024-12-21T18:24:22.902Z" },
    { url = "https://files.pythonhosted.org/packages/72/57/5bab54d23179350356515526fff3cc0f3ac23bfbc1a1d518a15978d4880e/tree_sitter_java-0.23.5-cp39-abi3-win_arm64.whl", hash = "sha256:402efe136104c5603b429dc26c7e75ae14faaca54cfd319ecc41c8f2534750f4", size = 59059, upload-time = "2024-12-21T18:24:24.934Z" },
]
